
Microsoft Visual Studio Solution File, Format Version 12.00
# Visual Studio 15
VisualStudioVersion = 15.0.28307.106
MinimumVisualStudioVersion = 10.0.40219.1
Project("{8BC9CEB8-8B4A-11D0-8D11-00A0C91BC942}") = "Assessment Task 02 - Battle Arena", "Assessment Task 02 - Battle Arena\Assessment Task 02 - Battle Arena.vcxproj", "{23E1B138-37A7-4BF5-90B7-BB5076595BE7}"
EndProject
Global
	GlobalSection(SolutionConfigurationPlatforms) = preSolution
		Debug|x64 = Debug|x64
		Debug|x86 = Debug|x86
		Release|x64 = Release|x64
		Release|x86 = Release|x86
	EndGlobalSection
	GlobalSection(ProjectConfigurationPlatforms) = postSolution
		{23E1B138-37A7-4BF5-90B7-BB5076595BE7}.Debug|x64.ActiveCfg = Debug|x64
		{23E1B138-37A7-4BF5-90B7-BB5076595BE7}.Debug|x64.Build.0 = Debug|x64
		{23E1B138-37A7-4BF5-90B7-BB5076595BE7}.Debug|x86.ActiveCfg = Debug|Win32
		{23E1B138-37A7-4BF5-90B7-BB5076595BE7}.Debug|x86.Build.0 = Debug|Win32
		{23E1B138-37A7-4BF5-90B7-BB5076595BE7}.Release|x64.ActiveCfg = Release|x64
		{23E1B138-37A7-4BF5-90B7-BB5076595BE7}.Release|x64.Build.0 = Release|x64
		{23E1B138-37A7-4BF5-90B7-BB5076595BE7}.Release|x86.ActiveCfg = Release|Win32
		{23E1B138-37A7-4BF5-90B7-BB5076595BE7}.Release|x86.Build.0 = Release|Win32
	EndGlobalSection
	GlobalSection(SolutionProperties) = preSolution
		HideSolutionNode = FALSE
	EndGlobalSection
	GlobalSection(ExtensibilityGlobals) = postSolution
		SolutionGuid = {09A42618-182E-4356-8C0E-D3A7AAE93247}
	EndGlobalSection
EndGlobal
