
Microsoft Visual Studio Solution File, Format Version 12.00
# Visual Studio 15
VisualStudioVersion = 15.0.28307.106
MinimumVisualStudioVersion = 10.0.40219.1
Project("{8BC9CEB8-8B4A-11D0-8D11-00A0C91BC942}") = "Day 03 Functions", "Day 03 Functions\Day 03 Functions.vcxproj", "{43584E33-088F-4F45-9D14-0DEEA3F5E1DF}"
EndProject
Global
	GlobalSection(SolutionConfigurationPlatforms) = preSolution
		Debug|x64 = Debug|x64
		Debug|x86 = Debug|x86
		Release|x64 = Release|x64
		Release|x86 = Release|x86
	EndGlobalSection
	GlobalSection(ProjectConfigurationPlatforms) = postSolution
		{43584E33-088F-4F45-9D14-0DEEA3F5E1DF}.Debug|x64.ActiveCfg = Debug|x64
		{43584E33-088F-4F45-9D14-0DEEA3F5E1DF}.Debug|x64.Build.0 = Debug|x64
		{43584E33-088F-4F45-9D14-0DEEA3F5E1DF}.Debug|x86.ActiveCfg = Debug|Win32
		{43584E33-088F-4F45-9D14-0DEEA3F5E1DF}.Debug|x86.Build.0 = Debug|Win32
		{43584E33-088F-4F45-9D14-0DEEA3F5E1DF}.Release|x64.ActiveCfg = Release|x64
		{43584E33-088F-4F45-9D14-0DEEA3F5E1DF}.Release|x64.Build.0 = Release|x64
		{43584E33-088F-4F45-9D14-0DEEA3F5E1DF}.Release|x86.ActiveCfg = Release|Win32
		{43584E33-088F-4F45-9D14-0DEEA3F5E1DF}.Release|x86.Build.0 = Release|Win32
	EndGlobalSection
	GlobalSection(SolutionProperties) = preSolution
		HideSolutionNode = FALSE
	EndGlobalSection
	GlobalSection(ExtensibilityGlobals) = postSolution
		SolutionGuid = {E0C82623-45B1-4C57-9A54-10F54850F9CD}
	EndGlobalSection
EndGlobal
